<Solution>
  <Folder Name="/backend/">
    <Project Path="backend/SanSo.Api/SanSo.Api.csproj" />
    <Project Path="backend/SanSo.Api.Tests/SanSo.Api.Tests.csproj" />
    <Project Path="backend/SanSo.Api.V2/SanSo.Api.V2.csproj" />
    <Project Path="backend/SanSo.Api.V2.Tests/SanSo.Api.V2.Tests.csproj" />
    <Project Path="backend/SanSo.Api.V5/SanSo.Api.V5.csproj" />
    <Project Path="backend/SanSo.Api.V5.Tests/SanSo.Api.V5.Tests.csproj" />
    <Project Path="backend/SanSo.Import/SanSo.Import.csproj" />
    <Project Path="backend/SanSo.Import.Tests/SanSo.Import.Tests.csproj" />
    <Project Path="backend/SanSo.Migrator.V4/SanSo.Migrator.V4.csproj" />
    <Project Path="backend/SanSo.Worker/SanSo.Worker.csproj" />
    <Project Path="backend/SanSo.Worker.V2/SanSo.Worker.V2.csproj" />
    <Project Path="backend/SanSo.Worker.Tests/SanSo.Worker.Tests.csproj" />
  </Folder>
</Solution>
