
Microsoft Visual Studio Solution File, Format Version 12.00
# Visual Studio Version 17
VisualStudioVersion = 17.0.31903.59
MinimumVisualStudioVersion = 10.0.40219.1
Project("{2150E333-8FDC-42A3-9474-1A3956D46DE8}") = "backend", "backend", "{1AE8ACA6-933B-BF2A-3671-3E2EAC007D16}"
EndProject
Project("{FAE04EC0-301F-11D3-BF4B-00C04F79EFBC}") = "SanSo.Api", "backend\SanSo.Api\SanSo.Api.csproj", "{1F076C29-EB85-4005-AFA8-FB3022D246F5}"
EndProject
Project("{FAE04EC0-301F-11D3-BF4B-00C04F79EFBC}") = "SanSo.Api.Tests", "backend\SanSo.Api.Tests\SanSo.Api.Tests.csproj", "{EE668FB4-C293-490C-B988-18F096DC8371}"
EndProject
Project("{FAE04EC0-301F-11D3-BF4B-00C04F79EFBC}") = "SanSo.Migrator", "backend\SanSo.Migrator\SanSo.Migrator.csproj", "{D6686DDC-4971-4D39-AB76-9C57DA559DA3}"
EndProject
Project("{FAE04EC0-301F-11D3-BF4B-00C04F79EFBC}") = "SanSo.Api.V2", "backend\SanSo.Api.V2\SanSo.Api.V2.csproj", "{DB653043-A0CB-4DC0-A108-EDF2A6216A87}"
EndProject
Project("{FAE04EC0-301F-11D3-BF4B-00C04F79EFBC}") = "SanSo.Api.V2.Tests", "backend\SanSo.Api.V2.Tests\SanSo.Api.V2.Tests.csproj", "{6E83E166-EEC6-4920-8E3B-FBE304F4FF60}"
EndProject
Project("{FAE04EC0-301F-11D3-BF4B-00C04F79EFBC}") = "SanSo.Import", "backend\SanSo.Import\SanSo.Import.csproj", "{42A07898-CAF6-486C-B185-97F6C4E02725}"
EndProject
Project("{FAE04EC0-301F-11D3-BF4B-00C04F79EFBC}") = "SanSo.Import.Tests", "backend\SanSo.Import.Tests\SanSo.Import.Tests.csproj", "{6B267396-F96A-4BA6-97D6-44E1D28444EC}"
EndProject
Global
	GlobalSection(SolutionConfigurationPlatforms) = preSolution
		Debug|Any CPU = Debug|Any CPU
		Debug|x64 = Debug|x64
		Debug|x86 = Debug|x86
		Release|Any CPU = Release|Any CPU
		Release|x64 = Release|x64
		Release|x86 = Release|x86
	EndGlobalSection
	GlobalSection(ProjectConfigurationPlatforms) = postSolution
		{1F076C29-EB85-4005-AFA8-FB3022D246F5}.Debug|Any CPU.ActiveCfg = Debug|Any CPU
		{1F076C29-EB85-4005-AFA8-FB3022D246F5}.Debug|Any CPU.Build.0 = Debug|Any CPU
		{1F076C29-EB85-4005-AFA8-FB3022D246F5}.Debug|x64.ActiveCfg = Debug|Any CPU
		{1F076C29-EB85-4005-AFA8-FB3022D246F5}.Debug|x64.Build.0 = Debug|Any CPU
		{1F076C29-EB85-4005-AFA8-FB3022D246F5}.Debug|x86.ActiveCfg = Debug|Any CPU
		{1F076C29-EB85-4005-AFA8-FB3022D246F5}.Debug|x86.Build.0 = Debug|Any CPU
		{1F076C29-EB85-4005-AFA8-FB3022D246F5}.Release|Any CPU.ActiveCfg = Release|Any CPU
		{1F076C29-EB85-4005-AFA8-FB3022D246F5}.Release|Any CPU.Build.0 = Release|Any CPU
		{1F076C29-EB85-4005-AFA8-FB3022D246F5}.Release|x64.ActiveCfg = Release|Any CPU
		{1F076C29-EB85-4005-AFA8-FB3022D246F5}.Release|x64.Build.0 = Release|Any CPU
		{1F076C29-EB85-4005-AFA8-FB3022D246F5}.Release|x86.ActiveCfg = Release|Any CPU
		{1F076C29-EB85-4005-AFA8-FB3022D246F5}.Release|x86.Build.0 = Release|Any CPU
		{EE668FB4-C293-490C-B988-18F096DC8371}.Debug|Any CPU.ActiveCfg = Debug|Any CPU
		{EE668FB4-C293-490C-B988-18F096DC8371}.Debug|Any CPU.Build.0 = Debug|Any CPU
		{EE668FB4-C293-490C-B988-18F096DC8371}.Debug|x64.ActiveCfg = Debug|Any CPU
		{EE668FB4-C293-490C-B988-18F096DC8371}.Debug|x64.Build.0 = Debug|Any CPU
		{EE668FB4-C293-490C-B988-18F096DC8371}.Debug|x86.ActiveCfg = Debug|Any CPU
		{EE668FB4-C293-490C-B988-18F096DC8371}.Debug|x86.Build.0 = Debug|Any CPU
		{EE668FB4-C293-490C-B988-18F096DC8371}.Release|Any CPU.ActiveCfg = Release|Any CPU
		{EE668FB4-C293-490C-B988-18F096DC8371}.Release|Any CPU.Build.0 = Release|Any CPU
		{EE668FB4-C293-490C-B988-18F096DC8371}.Release|x64.ActiveCfg = Release|Any CPU
		{EE668FB4-C293-490C-B988-18F096DC8371}.Release|x64.Build.0 = Release|Any CPU
		{EE668FB4-C293-490C-B988-18F096DC8371}.Release|x86.ActiveCfg = Release|Any CPU
		{EE668FB4-C293-490C-B988-18F096DC8371}.Release|x86.Build.0 = Release|Any CPU
		{D6686DDC-4971-4D39-AB76-9C57DA559DA3}.Debug|Any CPU.ActiveCfg = Debug|Any CPU
		{D6686DDC-4971-4D39-AB76-9C57DA559DA3}.Debug|Any CPU.Build.0 = Debug|Any CPU
		{D6686DDC-4971-4D39-AB76-9C57DA559DA3}.Debug|x64.ActiveCfg = Debug|Any CPU
		{D6686DDC-4971-4D39-AB76-9C57DA559DA3}.Debug|x64.Build.0 = Debug|Any CPU
		{D6686DDC-4971-4D39-AB76-9C57DA559DA3}.Debug|x86.ActiveCfg = Debug|Any CPU
		{D6686DDC-4971-4D39-AB76-9C57DA559DA3}.Debug|x86.Build.0 = Debug|Any CPU
		{D6686DDC-4971-4D39-AB76-9C57DA559DA3}.Release|Any CPU.ActiveCfg = Release|Any CPU
		{D6686DDC-4971-4D39-AB76-9C57DA559DA3}.Release|Any CPU.Build.0 = Release|Any CPU
		{D6686DDC-4971-4D39-AB76-9C57DA559DA3}.Release|x64.ActiveCfg = Release|Any CPU
		{D6686DDC-4971-4D39-AB76-9C57DA559DA3}.Release|x64.Build.0 = Release|Any CPU
		{D6686DDC-4971-4D39-AB76-9C57DA559DA3}.Release|x86.ActiveCfg = Release|Any CPU
		{D6686DDC-4971-4D39-AB76-9C57DA559DA3}.Release|x86.Build.0 = Release|Any CPU
		{DB653043-A0CB-4DC0-A108-EDF2A6216A87}.Debug|Any CPU.ActiveCfg = Debug|Any CPU
		{DB653043-A0CB-4DC0-A108-EDF2A6216A87}.Debug|Any CPU.Build.0 = Debug|Any CPU
		{DB653043-A0CB-4DC0-A108-EDF2A6216A87}.Debug|x64.ActiveCfg = Debug|Any CPU
		{DB653043-A0CB-4DC0-A108-EDF2A6216A87}.Debug|x64.Build.0 = Debug|Any CPU
		{DB653043-A0CB-4DC0-A108-EDF2A6216A87}.Debug|x86.ActiveCfg = Debug|Any CPU
		{DB653043-A0CB-4DC0-A108-EDF2A6216A87}.Debug|x86.Build.0 = Debug|Any CPU
		{DB653043-A0CB-4DC0-A108-EDF2A6216A87}.Release|Any CPU.ActiveCfg = Release|Any CPU
		{DB653043-A0CB-4DC0-A108-EDF2A6216A87}.Release|Any CPU.Build.0 = Release|Any CPU
		{DB653043-A0CB-4DC0-A108-EDF2A6216A87}.Release|x64.ActiveCfg = Release|Any CPU
		{DB653043-A0CB-4DC0-A108-EDF2A6216A87}.Release|x64.Build.0 = Release|Any CPU
		{DB653043-A0CB-4DC0-A108-EDF2A6216A87}.Release|x86.ActiveCfg = Release|Any CPU
		{DB653043-A0CB-4DC0-A108-EDF2A6216A87}.Release|x86.Build.0 = Release|Any CPU
		{6E83E166-EEC6-4920-8E3B-FBE304F4FF60}.Debug|Any CPU.ActiveCfg = Debug|Any CPU
		{6E83E166-EEC6-4920-8E3B-FBE304F4FF60}.Debug|Any CPU.Build.0 = Debug|Any CPU
		{6E83E166-EEC6-4920-8E3B-FBE304F4FF60}.Debug|x64.ActiveCfg = Debug|Any CPU
		{6E83E166-EEC6-4920-8E3B-FBE304F4FF60}.Debug|x64.Build.0 = Debug|Any CPU
		{6E83E166-EEC6-4920-8E3B-FBE304F4FF60}.Debug|x86.ActiveCfg = Debug|Any CPU
		{6E83E166-EEC6-4920-8E3B-FBE304F4FF60}.Debug|x86.Build.0 = Debug|Any CPU
		{6E83E166-EEC6-4920-8E3B-FBE304F4FF60}.Release|Any CPU.ActiveCfg = Release|Any CPU
		{6E83E166-EEC6-4920-8E3B-FBE304F4FF60}.Release|Any CPU.Build.0 = Release|Any CPU
		{6E83E166-EEC6-4920-8E3B-FBE304F4FF60}.Release|x64.ActiveCfg = Release|Any CPU
		{6E83E166-EEC6-4920-8E3B-FBE304F4FF60}.Release|x64.Build.0 = Release|Any CPU
		{6E83E166-EEC6-4920-8E3B-FBE304F4FF60}.Release|x86.ActiveCfg = Release|Any CPU
		{6E83E166-EEC6-4920-8E3B-FBE304F4FF60}.Release|x86.Build.0 = Release|Any CPU
		{42A07898-CAF6-486C-B185-97F6C4E02725}.Debug|Any CPU.ActiveCfg = Debug|Any CPU
		{42A07898-CAF6-486C-B185-97F6C4E02725}.Debug|Any CPU.Build.0 = Debug|Any CPU
		{42A07898-CAF6-486C-B185-97F6C4E02725}.Debug|x64.ActiveCfg = Debug|Any CPU
		{42A07898-CAF6-486C-B185-97F6C4E02725}.Debug|x64.Build.0 = Debug|Any CPU
		{42A07898-CAF6-486C-B185-97F6C4E02725}.Debug|x86.ActiveCfg = Debug|Any CPU
		{42A07898-CAF6-486C-B185-97F6C4E02725}.Debug|x86.Build.0 = Debug|Any CPU
		{42A07898-CAF6-486C-B185-97F6C4E02725}.Release|Any CPU.ActiveCfg = Release|Any CPU
		{42A07898-CAF6-486C-B185-97F6C4E02725}.Release|Any CPU.Build.0 = Release|Any CPU
		{42A07898-CAF6-486C-B185-97F6C4E02725}.Release|x64.ActiveCfg = Release|Any CPU
		{42A07898-CAF6-486C-B185-97F6C4E02725}.Release|x64.Build.0 = Release|Any CPU
		{42A07898-CAF6-486C-B185-97F6C4E02725}.Release|x86.ActiveCfg = Release|Any CPU
		{42A07898-CAF6-486C-B185-97F6C4E02725}.Release|x86.Build.0 = Release|Any CPU
		{6B267396-F96A-4BA6-97D6-44E1D28444EC}.Debug|Any CPU.ActiveCfg = Debug|Any CPU
		{6B267396-F96A-4BA6-97D6-44E1D28444EC}.Debug|Any CPU.Build.0 = Debug|Any CPU
		{6B267396-F96A-4BA6-97D6-44E1D28444EC}.Debug|x64.ActiveCfg = Debug|Any CPU
		{6B267396-F96A-4BA6-97D6-44E1D28444EC}.Debug|x64.Build.0 = Debug|Any CPU
		{6B267396-F96A-4BA6-97D6-44E1D28444EC}.Debug|x86.ActiveCfg = Debug|Any CPU
		{6B267396-F96A-4BA6-97D6-44E1D28444EC}.Debug|x86.Build.0 = Debug|Any CPU
		{6B267396-F96A-4BA6-97D6-44E1D28444EC}.Release|Any CPU.ActiveCfg = Release|Any CPU
		{6B267396-F96A-4BA6-97D6-44E1D28444EC}.Release|Any CPU.Build.0 = Release|Any CPU
		{6B267396-F96A-4BA6-97D6-44E1D28444EC}.Release|x64.ActiveCfg = Release|Any CPU
		{6B267396-F96A-4BA6-97D6-44E1D28444EC}.Release|x64.Build.0 = Release|Any CPU
		{6B267396-F96A-4BA6-97D6-44E1D28444EC}.Release|x86.ActiveCfg = Release|Any CPU
		{6B267396-F96A-4BA6-97D6-44E1D28444EC}.Release|x86.Build.0 = Release|Any CPU
	EndGlobalSection
	GlobalSection(SolutionProperties) = preSolution
		HideSolutionNode = FALSE
	EndGlobalSection
	GlobalSection(NestedProjects) = preSolution
		{1F076C29-EB85-4005-AFA8-FB3022D246F5} = {1AE8ACA6-933B-BF2A-3671-3E2EAC007D16}
		{EE668FB4-C293-490C-B988-18F096DC8371} = {1AE8ACA6-933B-BF2A-3671-3E2EAC007D16}
		{D6686DDC-4971-4D39-AB76-9C57DA559DA3} = {1AE8ACA6-933B-BF2A-3671-3E2EAC007D16}
		{DB653043-A0CB-4DC0-A108-EDF2A6216A87} = {1AE8ACA6-933B-BF2A-3671-3E2EAC007D16}
		{6E83E166-EEC6-4920-8E3B-FBE304F4FF60} = {1AE8ACA6-933B-BF2A-3671-3E2EAC007D16}
		{42A07898-CAF6-486C-B185-97F6C4E02725} = {1AE8ACA6-933B-BF2A-3671-3E2EAC007D16}
		{6B267396-F96A-4BA6-97D6-44E1D28444EC} = {1AE8ACA6-933B-BF2A-3671-3E2EAC007D16}
	EndGlobalSection
EndGlobal
